
Microsoft Visual Studio Solution File, Format Version 12.00
# Visual Studio Version 17
VisualStudioVersion = 17.4.33103.184
MinimumVisualStudioVersion = 10.0.40219.1
Project("{9A19103F-16F7-4668-BE54-9A1E7A4F7556}") = "UserApi", "UserApi\UserApi.csproj", "{547411D4-C642-436D-AAE5-67CF61A6817B}"
EndProject
Project("{9A19103F-16F7-4668-BE54-9A1E7A4F7556}") = "UserApi.Contract", "UserApi.Contract\UserApi.Contract.csproj", "{1B96E43F-F100-4D50-A4CC-FC3BB8B01CDE}"
EndProject
Project("{9A19103F-16F7-4668-BE54-9A1E7A4F7556}") = "OrganizationApi", "OrganizationApi\OrganizationApi.csproj", "{8D46483F-E94E-4FE0-A6C8-8F814E095241}"
EndProject
Project("{2150E333-8FDC-42A3-9474-1A3956D46DE8}") = "tests", "tests", "{928D2252-B849-4CE7-910B-C70089E78C3E}"
EndProject
Project("{FAE04EC0-301F-11D3-BF4B-00C04F79EFBC}") = "OrganizationApi.UnitTest", "OrganizationApi.UnitTest\OrganizationApi.UnitTest.csproj", "{D9321694-3677-4D17-BCF2-854916091DC1}"
EndProject
Global
	GlobalSection(SolutionConfigurationPlatforms) = preSolution
		Debug|Any CPU = Debug|Any CPU
		Release|Any CPU = Release|Any CPU
	EndGlobalSection
	GlobalSection(ProjectConfigurationPlatforms) = postSolution
		{547411D4-C642-436D-AAE5-67CF61A6817B}.Debug|Any CPU.ActiveCfg = Debug|Any CPU
		{547411D4-C642-436D-AAE5-67CF61A6817B}.Debug|Any CPU.Build.0 = Debug|Any CPU
		{547411D4-C642-436D-AAE5-67CF61A6817B}.Release|Any CPU.ActiveCfg = Release|Any CPU
		{547411D4-C642-436D-AAE5-67CF61A6817B}.Release|Any CPU.Build.0 = Release|Any CPU
		{1B96E43F-F100-4D50-A4CC-FC3BB8B01CDE}.Debug|Any CPU.ActiveCfg = Debug|Any CPU
		{1B96E43F-F100-4D50-A4CC-FC3BB8B01CDE}.Debug|Any CPU.Build.0 = Debug|Any CPU
		{1B96E43F-F100-4D50-A4CC-FC3BB8B01CDE}.Release|Any CPU.ActiveCfg = Release|Any CPU
		{1B96E43F-F100-4D50-A4CC-FC3BB8B01CDE}.Release|Any CPU.Build.0 = Release|Any CPU
		{8D46483F-E94E-4FE0-A6C8-8F814E095241}.Debug|Any CPU.ActiveCfg = Debug|Any CPU
		{8D46483F-E94E-4FE0-A6C8-8F814E095241}.Debug|Any CPU.Build.0 = Debug|Any CPU
		{8D46483F-E94E-4FE0-A6C8-8F814E095241}.Release|Any CPU.ActiveCfg = Release|Any CPU
		{8D46483F-E94E-4FE0-A6C8-8F814E095241}.Release|Any CPU.Build.0 = Release|Any CPU
		{D9321694-3677-4D17-BCF2-854916091DC1}.Debug|Any CPU.ActiveCfg = Debug|Any CPU
		{D9321694-3677-4D17-BCF2-854916091DC1}.Debug|Any CPU.Build.0 = Debug|Any CPU
		{D9321694-3677-4D17-BCF2-854916091DC1}.Release|Any CPU.ActiveCfg = Release|Any CPU
		{D9321694-3677-4D17-BCF2-854916091DC1}.Release|Any CPU.Build.0 = Release|Any CPU
	EndGlobalSection
	GlobalSection(SolutionProperties) = preSolution
		HideSolutionNode = FALSE
	EndGlobalSection
	GlobalSection(NestedProjects) = preSolution
		{D9321694-3677-4D17-BCF2-854916091DC1} = {928D2252-B849-4CE7-910B-C70089E78C3E}
	EndGlobalSection
	GlobalSection(ExtensibilityGlobals) = postSolution
		SolutionGuid = {E5AC7F76-DCA8-45C3-8E7F-273971AB4DBB}
	EndGlobalSection
EndGlobal
